// !$*UTF8*$!
{
	archiveVersion = 1;
	classes = {
	};
	objectVersion = 56;
	objects = {

/* Begin PBXFileReference section */
		23198B4A28FDAB02002794EC /* MacroEatingHelper.playground */ = {isa = PBXFileReference; lastKnownFileType = file.playground; path = MacroEatingHelper.playground; sourceTree = "<group>"; xcLanguageSpecificationIdentifier = xcode.lang.swift; };
		231B887428F4AA480048F39F /* week9_Prius_LAB.playground */ = {isa = PBXFileReference; lastKnownFileType = file.playground; path = week9_Prius_LAB.playground; sourceTree = "<group>"; xcLanguageSpecificationIdentifier = xcode.lang.swift; };
		2321F51F28E60CAE00ED54AF /* Demo_app_test.playground */ = {isa = PBXFileReference; lastKnownFileType = file.playground; path = Demo_app_test.playground; sourceTree = "<group>"; xcLanguageSpecificationIdentifier = xcode.lang.swift; };
		2321F52028E60CEF00ED54AF /* week3_VariableDemo_DEVING.playground */ = {isa = PBXFileReference; lastKnownFileType = file.playground; path = week3_VariableDemo_DEVING.playground; sourceTree = "<group>"; xcLanguageSpecificationIdentifier = xcode.lang.swift; };
		2321F52128E60DB800ED54AF /* week5_demos.playground */ = {isa = PBXFileReference; lastKnownFileType = file.playground; path = week5_demos.playground; sourceTree = "<group>"; xcLanguageSpecificationIdentifier = xcode.lang.swift; };
		2321F52228E60E4000ED54AF /* week7waltah.playground */ = {isa = PBXFileReference; lastKnownFileType = file.playground; path = week7waltah.playground; sourceTree = "<group>"; xcLanguageSpecificationIdentifier = xcode.lang.swift; };
		2321F52328E60E4000ED54AF /* week7_LAB_DEVING.playground */ = {isa = PBXFileReference; lastKnownFileType = file.playground; path = week7_LAB_DEVING.playground; sourceTree = "<group>"; xcLanguageSpecificationIdentifier = xcode.lang.swift; };
		2321F52428E60E4000ED54AF /* Week6_Blackhawks_Demo_DEVING.playground */ = {isa = PBXFileReference; lastKnownFileType = file.playground; path = Week6_Blackhawks_Demo_DEVING.playground; sourceTree = "<group>"; xcLanguageSpecificationIdentifier = xcode.lang.swift; };
		2321F52528E60E4000ED54AF /* week6_Critical_thinking_demo_DEVING.playground */ = {isa = PBXFileReference; lastKnownFileType = file.playground; path = week6_Critical_thinking_demo_DEVING.playground; sourceTree = "<group>"; xcLanguageSpecificationIdentifier = xcode.lang.swift; };
		2321F52628E60E4000ED54AF /* wk4_crtklthinking_DevingG.playground */ = {isa = PBXFileReference; lastKnownFileType = file.playground; path = wk4_crtklthinking_DevingG.playground; sourceTree = "<group>"; xcLanguageSpecificationIdentifier = xcode.lang.swift; };
		2321F52728E60E4000ED54AF /* wk4_calculatordemo_DevinG.playground */ = {isa = PBXFileReference; lastKnownFileType = file.playground; path = wk4_calculatordemo_DevinG.playground; sourceTree = "<group>"; xcLanguageSpecificationIdentifier = xcode.lang.swift; };
		2321F52828E60E4000ED54AF /* week7_FibanachiLab_DEVING.playground */ = {isa = PBXFileReference; lastKnownFileType = file.playground; path = week7_FibanachiLab_DEVING.playground; sourceTree = "<group>"; xcLanguageSpecificationIdentifier = xcode.lang.swift; };
		233FE05D291C1D2E00EE7D8C /* Macro-testlocation.playground */ = {isa = PBXFileReference; lastKnownFileType = file.playground; name = "Macro-testlocation.playground"; path = "/Users/devingrischow/Library/Mobile Documents/com~apple~CloudDocs/Swift1_Playground_Programs/Macro-testlocation.playground"; sourceTree = "<absolute>"; xcLanguageSpecificationIdentifier = xcode.lang.swift; };
		23631A8628EB6A96009F3CA4 /* Week8_billsburga_LAB_DEVING.playground */ = {isa = PBXFileReference; lastKnownFileType = file.playground; path = Week8_billsburga_LAB_DEVING.playground; sourceTree = "<group>"; xcLanguageSpecificationIdentifier = xcode.lang.swift; };
/* End PBXFileReference section */

/* Begin PBXGroup section */
		2321F51828E60C8400ED54AF = {
			isa = PBXGroup;
			children = (
				233FE05D291C1D2E00EE7D8C /* Macro-testlocation.playground */,
				23198B4A28FDAB02002794EC /* MacroEatingHelper.playground */,
				231B887428F4AA480048F39F /* week9_Prius_LAB.playground */,
				23631A8628EB6A96009F3CA4 /* Week8_billsburga_LAB_DEVING.playground */,
				2321F52428E60E4000ED54AF /* Week6_Blackhawks_Demo_DEVING.playground */,
				2321F52528E60E4000ED54AF /* week6_Critical_thinking_demo_DEVING.playground */,
				2321F52828E60E4000ED54AF /* week7_FibanachiLab_DEVING.playground */,
				2321F52328E60E4000ED54AF /* week7_LAB_DEVING.playground */,
				2321F52228E60E4000ED54AF /* week7waltah.playground */,
				2321F52728E60E4000ED54AF /* wk4_calculatordemo_DevinG.playground */,
				2321F52628E60E4000ED54AF /* wk4_crtklthinking_DevingG.playground */,
				2321F52128E60DB800ED54AF /* week5_demos.playground */,
				2321F52028E60CEF00ED54AF /* week3_VariableDemo_DEVING.playground */,
				2321F51F28E60CAE00ED54AF /* Demo_app_test.playground */,
			);
			sourceTree = "<group>";
		};
/* End PBXGroup section */

/* Begin PBXProject section */
		2321F51928E60C8400ED54AF /* Project object */ = {
			isa = PBXProject;
			attributes = {
				BuildIndependentTargetsInParallel = 1;
				LastUpgradeCheck = 1400;
			};
			buildConfigurationList = 2321F51C28E60C8400ED54AF /* Build configuration list for PBXProject "Swift1_Playground_Programs" */;
			compatibilityVersion = "Xcode 14.0";
			developmentRegion = en;
			hasScannedForEncodings = 0;
			knownRegions = (
				en,
				Base,
			);
			mainGroup = 2321F51828E60C8400ED54AF;
			projectDirPath = "";
			projectRoot = "";
			targets = (
			);
		};
/* End PBXProject section */

/* Begin XCBuildConfiguration section */
		2321F51D28E60C8400ED54AF /* Debug */ = {
			isa = XCBuildConfiguration;
			buildSettings = {
			};
			name = Debug;
		};
		2321F51E28E60C8400ED54AF /* Release */ = {
			isa = XCBuildConfiguration;
			buildSettings = {
			};
			name = Release;
		};
/* End XCBuildConfiguration section */

/* Begin XCConfigurationList section */
		2321F51C28E60C8400ED54AF /* Build configuration list for PBXProject "Swift1_Playground_Programs" */ = {
			isa = XCConfigurationList;
			buildConfigurations = (
				2321F51D28E60C8400ED54AF /* Debug */,
				2321F51E28E60C8400ED54AF /* Release */,
			);
			defaultConfigurationIsVisible = 0;
			defaultConfigurationName = Release;
		};
/* End XCConfigurationList section */
	};
	rootObject = 2321F51928E60C8400ED54AF /* Project object */;
}
