// !$*UTF8*$!
{
	archiveVersion = 1;
	classes = {
	};
	objectVersion = 56;
	objects = {

/* Begin PBXFileReference section */
		2321F51F28E60CAE00ED54AF /* Demo_app_test.playground */ = {isa = PBXFileReference; lastKnownFileType = file.playground; path = Demo_app_test.playground; sourceTree = "<group>"; xcLanguageSpecificationIdentifier = xcode.lang.swift; };
		2321F52028E60CEF00ED54AF /* week3_VariableDemo_DEVING.playground */ = {isa = PBXFileReference; lastKnownFileType = file.playground; path = week3_VariableDemo_DEVING.playground; sourceTree = "<group>"; xcLanguageSpecificationIdentifier = xcode.lang.swift; };
		2321F52128E60DB800ED54AF /* week5_demos.playground */ = {isa = PBXFileReference; lastKnownFileType = file.playground; path = week5_demos.playground; sourceTree = "<group>"; };
/* End PBXFileReference section */

/* Begin PBXGroup section */
		2321F51828E60C8400ED54AF = {
			isa = PBXGroup;
			children = (
				2321F52128E60DB800ED54AF /* week5_demos.playground */,
				2321F52028E60CEF00ED54AF /* week3_VariableDemo_DEVING.playground */,
				2321F51F28E60CAE00ED54AF /* Demo_app_test.playground */,
			);
			sourceTree = "<group>";
		};
/* End PBXGroup section */

/* Begin PBXProject section */
		2321F51928E60C8400ED54AF /* Project object */ = {
			isa = PBXProject;
			attributes = {
				BuildIndependentTargetsInParallel = 1;
				LastUpgradeCheck = 1400;
			};
			buildConfigurationList = 2321F51C28E60C8400ED54AF /* Build configuration list for PBXProject "Swift1_Playground_Programs" */;
			compatibilityVersion = "Xcode 14.0";
			developmentRegion = en;
			hasScannedForEncodings = 0;
			knownRegions = (
				en,
				Base,
			);
			mainGroup = 2321F51828E60C8400ED54AF;
			projectDirPath = "";
			projectRoot = "";
			targets = (
			);
		};
/* End PBXProject section */

/* Begin XCBuildConfiguration section */
		2321F51D28E60C8400ED54AF /* Debug */ = {
			isa = XCBuildConfiguration;
			buildSettings = {
			};
			name = Debug;
		};
		2321F51E28E60C8400ED54AF /* Release */ = {
			isa = XCBuildConfiguration;
			buildSettings = {
			};
			name = Release;
		};
/* End XCBuildConfiguration section */

/* Begin XCConfigurationList section */
		2321F51C28E60C8400ED54AF /* Build configuration list for PBXProject "Swift1_Playground_Programs" */ = {
			isa = XCConfigurationList;
			buildConfigurations = (
				2321F51D28E60C8400ED54AF /* Debug */,
				2321F51E28E60C8400ED54AF /* Release */,
			);
			defaultConfigurationIsVisible = 0;
			defaultConfigurationName = Release;
		};
/* End XCConfigurationList section */
	};
	rootObject = 2321F51928E60C8400ED54AF /* Project object */;
}
